# This file is automatically @generated by Cargo.
# It is not intended for manual editing.
version = 4

[[package]]
name = "crop"
version = "0.4.3"
source = "git+https://github.com/noib3/crop?rev=d0234ce772eb34c7a3878d4ed57dc864da291cfb#d0234ce772eb34c7a3878d4ed57dc864da291cfb"
dependencies = [
 "str_indices",
]

[[package]]
name = "flark-integrated-parser-slice"
version = "0.0.0"
dependencies = [
 "crop",
 "unicase",
 "unicode_categories",
]

[[package]]
name = "flark-relative-output-reuse-gate"
version = "0.0.0"
dependencies = [
 "flark-integrated-parser-slice",
]

[[package]]
name = "str_indices"
version = "0.4.4"
source = "registry+https://github.com/rust-lang/crates.io-index"
checksum = "d08889ec5408683408db66ad89e0e1f93dff55c73a4ccc71c427d5b277ee47e6"

[[package]]
name = "unicase"
version = "2.9.0"
source = "registry+https://github.com/rust-lang/crates.io-index"
checksum = "dbc4bc3a9f746d862c45cb89d705aa10f187bb96c76001afab07a0d35ce60142"

[[package]]
name = "unicode_categories"
version = "0.1.1"
source = "registry+https://github.com/rust-lang/crates.io-index"
checksum = "39ec24b3121d976906ece63c9daad25b85969647682eee313cb5779fdd69e14e"
