# This file is automatically @generated by Cargo.
# It is not intended for manual editing.
version = 4

[[package]]
name = "crop"
version = "0.4.3"
source = "git+https://github.com/noib3/crop?rev=d0234ce772eb34c7a3878d4ed57dc864da291cfb#d0234ce772eb34c7a3878d4ed57dc864da291cfb"
dependencies = [
 "str_indices",
]

[[package]]
name = "flark-composed-adoption-storage-gate"
version = "0.0.0"
dependencies = [
 "flark-restart-composer-gate",
 "flark-v3-runtime-slice",
]

[[package]]
name = "flark-restart-composer-gate"
version = "0.0.0"

[[package]]
name = "flark-v3-runtime-slice"
version = "0.0.0"
dependencies = [
 "crop",
]

[[package]]
name = "str_indices"
version = "0.4.4"
source = "registry+https://github.com/rust-lang/crates.io-index"
checksum = "d08889ec5408683408db66ad89e0e1f93dff55c73a4ccc71c427d5b277ee47e6"
